// !$*UTF8*$!
{
	archiveVersion = 1;
	classes = {
	};
	objectVersion = 56;
	objects = {

/* Begin PBXBuildFile section */
		671193DD72EAAF684745B6AE /* Pods_Oasis.framework in Frameworks */ = {isa = PBXBuildFile; fileRef = C87D9EAB7366EDB93F32147B /* Pods_Oasis.framework */; };
		922432AEBA280A6BAEB1F637 /* Pods_Oasis_OasisUITests.framework in Frameworks */ = {isa = PBXBuildFile; fileRef = 7F619E57482188E4AE47673D /* Pods_Oasis_OasisUITests.framework */; };
		9E2D96642BBA6B8C005EEC7D /* ProfileViewController.swift in Sources */ = {isa = PBXBuildFile; fileRef = 9E2D96632BBA6B8C005EEC7D /* ProfileViewController.swift */; };
		9E2D96662BBA6D53005EEC7D /* MapViewController.swift in Sources */ = {isa = PBXBuildFile; fileRef = 9E2D96652BBA6D53005EEC7D /* MapViewController.swift */; };
		9E2D96682BBA6EEC005EEC7D /* NewDiaryViewController.swift in Sources */ = {isa = PBXBuildFile; fileRef = 9E2D96672BBA6EEC005EEC7D /* NewDiaryViewController.swift */; };
		9E2D966A2BBA71D6005EEC7D /* TabBarController.swift in Sources */ = {isa = PBXBuildFile; fileRef = 9E2D96692BBA71D6005EEC7D /* TabBarController.swift */; };
		9E378B682BBAD19F00FCD2AF /* LocationCell.swift in Sources */ = {isa = PBXBuildFile; fileRef = 9E378B672BBAD19F00FCD2AF /* LocationCell.swift */; };
		9E378B6A2BBB1FA700FCD2AF /* FavoriteButton.swift in Sources */ = {isa = PBXBuildFile; fileRef = 9E378B692BBB1FA700FCD2AF /* FavoriteButton.swift */; };
		9E38C30C2BBA9FAD00B1D875 /* LocationModel.swift in Sources */ = {isa = PBXBuildFile; fileRef = 9E38C30B2BBA9FAD00B1D875 /* LocationModel.swift */; };
		9E84DE1D2BC2B41E0096F98E /* AppLayouts.swift in Sources */ = {isa = PBXBuildFile; fileRef = 9E84DE1C2BC2B41E0096F98E /* AppLayouts.swift */; };
		9E84DE1F2BC3E93F0096F98E /* UIColor+ext.swift in Sources */ = {isa = PBXBuildFile; fileRef = 9E84DE1E2BC3E93E0096F98E /* UIColor+ext.swift */; };
		9E84DE212BC3EC4E0096F98E /* LocationType.swift in Sources */ = {isa = PBXBuildFile; fileRef = 9E84DE202BC3EC4E0096F98E /* LocationType.swift */; };
		9E84DE232BC42F560096F98E /* LocationTypeCell.swift in Sources */ = {isa = PBXBuildFile; fileRef = 9E84DE222BC42F560096F98E /* LocationTypeCell.swift */; };
		9E84DE252BC44D7B0096F98E /* UserInfoCell.swift in Sources */ = {isa = PBXBuildFile; fileRef = 9E84DE242BC44D7B0096F98E /* UserInfoCell.swift */; };
		9E84DE272BC50D760096F98E /* DiaryListHeaderView.swift in Sources */ = {isa = PBXBuildFile; fileRef = 9E84DE262BC50D760096F98E /* DiaryListHeaderView.swift */; };
		9EAEB53D2BC5388B00EA648C /* DiaryListHeaderButton.swift in Sources */ = {isa = PBXBuildFile; fileRef = 9EAEB53C2BC5388B00EA648C /* DiaryListHeaderButton.swift */; };
		9EAEB5462BC68B0600EA648C /* SelectionButton.swift in Sources */ = {isa = PBXBuildFile; fileRef = 9EAEB5452BC68B0600EA648C /* SelectionButton.swift */; };
		9EF3416C2BB987550073FF0E /* AppDelegate.swift in Sources */ = {isa = PBXBuildFile; fileRef = 9EF3416B2BB987550073FF0E /* AppDelegate.swift */; };
		9EF3416E2BB987550073FF0E /* SceneDelegate.swift in Sources */ = {isa = PBXBuildFile; fileRef = 9EF3416D2BB987550073FF0E /* SceneDelegate.swift */; };
		9EF341702BB987550073FF0E /* ViewController.swift in Sources */ = {isa = PBXBuildFile; fileRef = 9EF3416F2BB987550073FF0E /* ViewController.swift */; };
		9EF341732BB987550073FF0E /* Main.storyboard in Resources */ = {isa = PBXBuildFile; fileRef = 9EF341712BB987550073FF0E /* Main.storyboard */; };
		9EF341762BB987550073FF0E /* Oasis.xcdatamodeld in Sources */ = {isa = PBXBuildFile; fileRef = 9EF341742BB987550073FF0E /* Oasis.xcdatamodeld */; };
		9EF341782BB987590073FF0E /* Assets.xcassets in Resources */ = {isa = PBXBuildFile; fileRef = 9EF341772BB987590073FF0E /* Assets.xcassets */; };
		9EF3417B2BB987590073FF0E /* LaunchScreen.storyboard in Resources */ = {isa = PBXBuildFile; fileRef = 9EF341792BB987590073FF0E /* LaunchScreen.storyboard */; };
		9EF341862BB987590073FF0E /* OasisTests.swift in Sources */ = {isa = PBXBuildFile; fileRef = 9EF341852BB987590073FF0E /* OasisTests.swift */; };
		9EF341902BB9875A0073FF0E /* OasisUITests.swift in Sources */ = {isa = PBXBuildFile; fileRef = 9EF3418F2BB9875A0073FF0E /* OasisUITests.swift */; };
		9EF341922BB9875A0073FF0E /* OasisUITestsLaunchTests.swift in Sources */ = {isa = PBXBuildFile; fileRef = 9EF341912BB9875A0073FF0E /* OasisUITestsLaunchTests.swift */; };
		9EFF49262BBC1AA80071FFCF /* NetworkManager.swift in Sources */ = {isa = PBXBuildFile; fileRef = 9EFF49252BBC1AA80071FFCF /* NetworkManager.swift */; };
		9EFF49282BBC435D0071FFCF /* WeatherResponse.swift in Sources */ = {isa = PBXBuildFile; fileRef = 9EFF49272BBC435D0071FFCF /* WeatherResponse.swift */; };
		9EFF492D2BBEF4260071FFCF /* DiaryListCollectionViewCell.swift in Sources */ = {isa = PBXBuildFile; fileRef = 9EFF492C2BBEF4260071FFCF /* DiaryListCollectionViewCell.swift */; };
		9EFF49302BBEF4960071FFCF /* DiaryListModel.swift in Sources */ = {isa = PBXBuildFile; fileRef = 9EFF492F2BBEF4960071FFCF /* DiaryListModel.swift */; };
		AA047EA90D9E8C76911B5487 /* Pods_OasisTests.framework in Frameworks */ = {isa = PBXBuildFile; fileRef = 7871F8CB0758D090BC0AA6B8 /* Pods_OasisTests.framework */; };
/* End PBXBuildFile section */

/* Begin PBXContainerItemProxy section */
		9EF341822BB987590073FF0E /* PBXContainerItemProxy */ = {
			isa = PBXContainerItemProxy;
			containerPortal = 9EF341602BB987550073FF0E /* Project object */;
			proxyType = 1;
			remoteGlobalIDString = 9EF341672BB987550073FF0E;
			remoteInfo = Oasis;
		};
		9EF3418C2BB9875A0073FF0E /* PBXContainerItemProxy */ = {
			isa = PBXContainerItemProxy;
			containerPortal = 9EF341602BB987550073FF0E /* Project object */;
			proxyType = 1;
			remoteGlobalIDString = 9EF341672BB987550073FF0E;
			remoteInfo = Oasis;
		};
/* End PBXContainerItemProxy section */

/* Begin PBXFileReference section */
		069990DCF9CA4D82A8A67D51 /* Pods-Oasis-OasisUITests.release.xcconfig */ = {isa = PBXFileReference; includeInIndex = 1; lastKnownFileType = text.xcconfig; name = "Pods-Oasis-OasisUITests.release.xcconfig"; path = "Target Support Files/Pods-Oasis-OasisUITests/Pods-Oasis-OasisUITests.release.xcconfig"; sourceTree = "<group>"; };
		5EFEAC6EF2247440BA278425 /* Pods-Oasis.release.xcconfig */ = {isa = PBXFileReference; includeInIndex = 1; lastKnownFileType = text.xcconfig; name = "Pods-Oasis.release.xcconfig"; path = "Target Support Files/Pods-Oasis/Pods-Oasis.release.xcconfig"; sourceTree = "<group>"; };
		6585FFD96347FAE97D017FEE /* Pods-Oasis-OasisUITests.debug.xcconfig */ = {isa = PBXFileReference; includeInIndex = 1; lastKnownFileType = text.xcconfig; name = "Pods-Oasis-OasisUITests.debug.xcconfig"; path = "Target Support Files/Pods-Oasis-OasisUITests/Pods-Oasis-OasisUITests.debug.xcconfig"; sourceTree = "<group>"; };
		7871F8CB0758D090BC0AA6B8 /* Pods_OasisTests.framework */ = {isa = PBXFileReference; explicitFileType = wrapper.framework; includeInIndex = 0; path = Pods_OasisTests.framework; sourceTree = BUILT_PRODUCTS_DIR; };
		7F619E57482188E4AE47673D /* Pods_Oasis_OasisUITests.framework */ = {isa = PBXFileReference; explicitFileType = wrapper.framework; includeInIndex = 0; path = Pods_Oasis_OasisUITests.framework; sourceTree = BUILT_PRODUCTS_DIR; };
		94A6FAB871DD8F149A8CC8DC /* Pods-OasisTests.debug.xcconfig */ = {isa = PBXFileReference; includeInIndex = 1; lastKnownFileType = text.xcconfig; name = "Pods-OasisTests.debug.xcconfig"; path = "Target Support Files/Pods-OasisTests/Pods-OasisTests.debug.xcconfig"; sourceTree = "<group>"; };
		9E2D96632BBA6B8C005EEC7D /* ProfileViewController.swift */ = {isa = PBXFileReference; lastKnownFileType = sourcecode.swift; path = ProfileViewController.swift; sourceTree = "<group>"; };
		9E2D96652BBA6D53005EEC7D /* MapViewController.swift */ = {isa = PBXFileReference; lastKnownFileType = sourcecode.swift; path = MapViewController.swift; sourceTree = "<group>"; };
		9E2D96672BBA6EEC005EEC7D /* NewDiaryViewController.swift */ = {isa = PBXFileReference; lastKnownFileType = sourcecode.swift; path = NewDiaryViewController.swift; sourceTree = "<group>"; };
		9E2D96692BBA71D6005EEC7D /* TabBarController.swift */ = {isa = PBXFileReference; lastKnownFileType = sourcecode.swift; path = TabBarController.swift; sourceTree = "<group>"; };
		9E378B672BBAD19F00FCD2AF /* LocationCell.swift */ = {isa = PBXFileReference; lastKnownFileType = sourcecode.swift; path = LocationCell.swift; sourceTree = "<group>"; };
		9E378B692BBB1FA700FCD2AF /* FavoriteButton.swift */ = {isa = PBXFileReference; lastKnownFileType = sourcecode.swift; path = FavoriteButton.swift; sourceTree = "<group>"; };
		9E38C30B2BBA9FAD00B1D875 /* LocationModel.swift */ = {isa = PBXFileReference; lastKnownFileType = sourcecode.swift; path = LocationModel.swift; sourceTree = "<group>"; };
		9E84DE1C2BC2B41E0096F98E /* AppLayouts.swift */ = {isa = PBXFileReference; lastKnownFileType = sourcecode.swift; path = AppLayouts.swift; sourceTree = "<group>"; };
		9E84DE1E2BC3E93E0096F98E /* UIColor+ext.swift */ = {isa = PBXFileReference; lastKnownFileType = sourcecode.swift; path = "UIColor+ext.swift"; sourceTree = "<group>"; };
		9E84DE202BC3EC4E0096F98E /* LocationType.swift */ = {isa = PBXFileReference; lastKnownFileType = sourcecode.swift; path = LocationType.swift; sourceTree = SOURCE_ROOT; };
		9E84DE222BC42F560096F98E /* LocationTypeCell.swift */ = {isa = PBXFileReference; lastKnownFileType = sourcecode.swift; path = LocationTypeCell.swift; sourceTree = "<group>"; };
		9E84DE242BC44D7B0096F98E /* UserInfoCell.swift */ = {isa = PBXFileReference; lastKnownFileType = sourcecode.swift; path = UserInfoCell.swift; sourceTree = SOURCE_ROOT; };
		9E84DE262BC50D760096F98E /* DiaryListHeaderView.swift */ = {isa = PBXFileReference; lastKnownFileType = sourcecode.swift; path = DiaryListHeaderView.swift; sourceTree = "<group>"; };
		9EAEB53C2BC5388B00EA648C /* DiaryListHeaderButton.swift */ = {isa = PBXFileReference; lastKnownFileType = sourcecode.swift; path = DiaryListHeaderButton.swift; sourceTree = "<group>"; };
		9EAEB5452BC68B0600EA648C /* SelectionButton.swift */ = {isa = PBXFileReference; lastKnownFileType = sourcecode.swift; path = SelectionButton.swift; sourceTree = "<group>"; };
		9EF341682BB987550073FF0E /* Oasis.app */ = {isa = PBXFileReference; explicitFileType = wrapper.application; includeInIndex = 0; path = Oasis.app; sourceTree = BUILT_PRODUCTS_DIR; };
		9EF3416B2BB987550073FF0E /* AppDelegate.swift */ = {isa = PBXFileReference; lastKnownFileType = sourcecode.swift; path = AppDelegate.swift; sourceTree = "<group>"; };
		9EF3416D2BB987550073FF0E /* SceneDelegate.swift */ = {isa = PBXFileReference; lastKnownFileType = sourcecode.swift; path = SceneDelegate.swift; sourceTree = "<group>"; };
		9EF3416F2BB987550073FF0E /* ViewController.swift */ = {isa = PBXFileReference; lastKnownFileType = sourcecode.swift; path = ViewController.swift; sourceTree = "<group>"; };
		9EF341722BB987550073FF0E /* Base */ = {isa = PBXFileReference; lastKnownFileType = file.storyboard; name = Base; path = Base.lproj/Main.storyboard; sourceTree = "<group>"; };
		9EF341752BB987550073FF0E /* Oasis.xcdatamodel */ = {isa = PBXFileReference; lastKnownFileType = wrapper.xcdatamodel; path = Oasis.xcdatamodel; sourceTree = "<group>"; };
		9EF341772BB987590073FF0E /* Assets.xcassets */ = {isa = PBXFileReference; lastKnownFileType = folder.assetcatalog; path = Assets.xcassets; sourceTree = "<group>"; };
		9EF3417A2BB987590073FF0E /* Base */ = {isa = PBXFileReference; lastKnownFileType = file.storyboard; name = Base; path = Base.lproj/LaunchScreen.storyboard; sourceTree = "<group>"; };
		9EF3417C2BB987590073FF0E /* Info.plist */ = {isa = PBXFileReference; lastKnownFileType = text.plist.xml; path = Info.plist; sourceTree = "<group>"; };
		9EF341812BB987590073FF0E /* OasisTests.xctest */ = {isa = PBXFileReference; explicitFileType = wrapper.cfbundle; includeInIndex = 0; path = OasisTests.xctest; sourceTree = BUILT_PRODUCTS_DIR; };
		9EF341852BB987590073FF0E /* OasisTests.swift */ = {isa = PBXFileReference; lastKnownFileType = sourcecode.swift; path = OasisTests.swift; sourceTree = "<group>"; };
		9EF3418B2BB9875A0073FF0E /* OasisUITests.xctest */ = {isa = PBXFileReference; explicitFileType = wrapper.cfbundle; includeInIndex = 0; path = OasisUITests.xctest; sourceTree = BUILT_PRODUCTS_DIR; };
		9EF3418F2BB9875A0073FF0E /* OasisUITests.swift */ = {isa = PBXFileReference; lastKnownFileType = sourcecode.swift; path = OasisUITests.swift; sourceTree = "<group>"; };
		9EF341912BB9875A0073FF0E /* OasisUITestsLaunchTests.swift */ = {isa = PBXFileReference; lastKnownFileType = sourcecode.swift; path = OasisUITestsLaunchTests.swift; sourceTree = "<group>"; };
		9EFF49252BBC1AA80071FFCF /* NetworkManager.swift */ = {isa = PBXFileReference; lastKnownFileType = sourcecode.swift; path = NetworkManager.swift; sourceTree = "<group>"; };
		9EFF49272BBC435D0071FFCF /* WeatherResponse.swift */ = {isa = PBXFileReference; lastKnownFileType = sourcecode.swift; path = WeatherResponse.swift; sourceTree = "<group>"; };
		9EFF492C2BBEF4260071FFCF /* DiaryListCollectionViewCell.swift */ = {isa = PBXFileReference; lastKnownFileType = sourcecode.swift; path = DiaryListCollectionViewCell.swift; sourceTree = "<group>"; };
		9EFF492F2BBEF4960071FFCF /* DiaryListModel.swift */ = {isa = PBXFileReference; lastKnownFileType = sourcecode.swift; path = DiaryListModel.swift; sourceTree = "<group>"; };
		C82E5AA6D67204C42E7C52E4 /* Pods-Oasis.debug.xcconfig */ = {isa = PBXFileReference; includeInIndex = 1; lastKnownFileType = text.xcconfig; name = "Pods-Oasis.debug.xcconfig"; path = "Target Support Files/Pods-Oasis/Pods-Oasis.debug.xcconfig"; sourceTree = "<group>"; };
		C87D9EAB7366EDB93F32147B /* Pods_Oasis.framework */ = {isa = PBXFileReference; explicitFileType = wrapper.framework; includeInIndex = 0; path = Pods_Oasis.framework; sourceTree = BUILT_PRODUCTS_DIR; };
		EA6ACC6F775D3D1B1B7543FF /* Pods-OasisTests.release.xcconfig */ = {isa = PBXFileReference; includeInIndex = 1; lastKnownFileType = text.xcconfig; name = "Pods-OasisTests.release.xcconfig"; path = "Target Support Files/Pods-OasisTests/Pods-OasisTests.release.xcconfig"; sourceTree = "<group>"; };
/* End PBXFileReference section */

/* Begin PBXFrameworksBuildPhase section */
		9EF341652BB987550073FF0E /* Frameworks */ = {
			isa = PBXFrameworksBuildPhase;
			buildActionMask = 2147483647;
			files = (
				671193DD72EAAF684745B6AE /* Pods_Oasis.framework in Frameworks */,
			);
			runOnlyForDeploymentPostprocessing = 0;
		};
		9EF3417E2BB987590073FF0E /* Frameworks */ = {
			isa = PBXFrameworksBuildPhase;
			buildActionMask = 2147483647;
			files = (
				AA047EA90D9E8C76911B5487 /* Pods_OasisTests.framework in Frameworks */,
			);
			runOnlyForDeploymentPostprocessing = 0;
		};
		9EF341882BB9875A0073FF0E /* Frameworks */ = {
			isa = PBXFrameworksBuildPhase;
			buildActionMask = 2147483647;
			files = (
				922432AEBA280A6BAEB1F637 /* Pods_Oasis_OasisUITests.framework in Frameworks */,
			);
			runOnlyForDeploymentPostprocessing = 0;
		};
/* End PBXFrameworksBuildPhase section */

/* Begin PBXGroup section */
		94D08061C772009B2AD36227 /* Frameworks */ = {
			isa = PBXGroup;
			children = (
				C87D9EAB7366EDB93F32147B /* Pods_Oasis.framework */,
				7F619E57482188E4AE47673D /* Pods_Oasis_OasisUITests.framework */,
				7871F8CB0758D090BC0AA6B8 /* Pods_OasisTests.framework */,
			);
			name = Frameworks;
			sourceTree = "<group>";
		};
		9EAEB5442BC67B2200EA648C /* NewDiaryView */ = {
			isa = PBXGroup;
			children = (
				9E2D96672BBA6EEC005EEC7D /* NewDiaryViewController.swift */,
				9EAEB5452BC68B0600EA648C /* SelectionButton.swift */,
			);
			path = NewDiaryView;
			sourceTree = "<group>";
		};
		9EF3415F2BB987550073FF0E = {
			isa = PBXGroup;
			children = (
				9EF3416A2BB987550073FF0E /* Oasis */,
				9EF341842BB987590073FF0E /* OasisTests */,
				9EF3418E2BB9875A0073FF0E /* OasisUITests */,
				9EF341692BB987550073FF0E /* Products */,
				D15727FEBBAFA693938C9016 /* Pods */,
				94D08061C772009B2AD36227 /* Frameworks */,
			);
			sourceTree = "<group>";
		};
		9EF341692BB987550073FF0E /* Products */ = {
			isa = PBXGroup;
			children = (
				9EF341682BB987550073FF0E /* Oasis.app */,
				9EF341812BB987590073FF0E /* OasisTests.xctest */,
				9EF3418B2BB9875A0073FF0E /* OasisUITests.xctest */,
			);
			name = Products;
			sourceTree = "<group>";
		};
		9EF3416A2BB987550073FF0E /* Oasis */ = {
			isa = PBXGroup;
			children = (
				9EF3416B2BB987550073FF0E /* AppDelegate.swift */,
				9EF3416D2BB987550073FF0E /* SceneDelegate.swift */,
				9EF3416F2BB987550073FF0E /* ViewController.swift */,
				9E2D96692BBA71D6005EEC7D /* TabBarController.swift */,
				9EFF49252BBC1AA80071FFCF /* NetworkManager.swift */,
				9E84DE202BC3EC4E0096F98E /* LocationType.swift */,
				9E84DE1E2BC3E93E0096F98E /* UIColor+ext.swift */,
				9EFF49292BBD43010071FFCF /* MapView */,
				9EAEB5442BC67B2200EA648C /* NewDiaryView */,
				9EFF492E2BBEF4300071FFCF /* ProfileView */,
				9EF341712BB987550073FF0E /* Main.storyboard */,
				9EF341772BB987590073FF0E /* Assets.xcassets */,
				9EF341792BB987590073FF0E /* LaunchScreen.storyboard */,
				9EF3417C2BB987590073FF0E /* Info.plist */,
				9EF341742BB987550073FF0E /* Oasis.xcdatamodeld */,
			);
			path = Oasis;
			sourceTree = "<group>";
		};
		9EF341842BB987590073FF0E /* OasisTests */ = {
			isa = PBXGroup;
			children = (
				9EF341852BB987590073FF0E /* OasisTests.swift */,
			);
			path = OasisTests;
			sourceTree = "<group>";
		};
		9EF3418E2BB9875A0073FF0E /* OasisUITests */ = {
			isa = PBXGroup;
			children = (
				9EF3418F2BB9875A0073FF0E /* OasisUITests.swift */,
				9EF341912BB9875A0073FF0E /* OasisUITestsLaunchTests.swift */,
			);
			path = OasisUITests;
			sourceTree = "<group>";
		};
		9EFF49292BBD43010071FFCF /* MapView */ = {
			isa = PBXGroup;
			children = (
				9E2D96652BBA6D53005EEC7D /* MapViewController.swift */,
				9EFF49272BBC435D0071FFCF /* WeatherResponse.swift */,
				9E378B672BBAD19F00FCD2AF /* LocationCell.swift */,
				9E378B692BBB1FA700FCD2AF /* FavoriteButton.swift */,
				9E38C30B2BBA9FAD00B1D875 /* LocationModel.swift */,
			);
			path = MapView;
			sourceTree = "<group>";
		};
		9EFF492E2BBEF4300071FFCF /* ProfileView */ = {
			isa = PBXGroup;
			children = (
				9EAEB53C2BC5388B00EA648C /* DiaryListHeaderButton.swift */,
				9E84DE242BC44D7B0096F98E /* UserInfoCell.swift */,
				9E2D96632BBA6B8C005EEC7D /* ProfileViewController.swift */,
				9E84DE1C2BC2B41E0096F98E /* AppLayouts.swift */,
				9E84DE222BC42F560096F98E /* LocationTypeCell.swift */,
				9E84DE262BC50D760096F98E /* DiaryListHeaderView.swift */,
				9EFF492C2BBEF4260071FFCF /* DiaryListCollectionViewCell.swift */,
				9EFF492F2BBEF4960071FFCF /* DiaryListModel.swift */,
			);
			path = ProfileView;
			sourceTree = "<group>";
		};
		D15727FEBBAFA693938C9016 /* Pods */ = {
			isa = PBXGroup;
			children = (
				C82E5AA6D67204C42E7C52E4 /* Pods-Oasis.debug.xcconfig */,
				5EFEAC6EF2247440BA278425 /* Pods-Oasis.release.xcconfig */,
				6585FFD96347FAE97D017FEE /* Pods-Oasis-OasisUITests.debug.xcconfig */,
				069990DCF9CA4D82A8A67D51 /* Pods-Oasis-OasisUITests.release.xcconfig */,
				94A6FAB871DD8F149A8CC8DC /* Pods-OasisTests.debug.xcconfig */,
				EA6ACC6F775D3D1B1B7543FF /* Pods-OasisTests.release.xcconfig */,
			);
			path = Pods;
			sourceTree = "<group>";
		};
/* End PBXGroup section */

/* Begin PBXNativeTarget section */
		9EF341672BB987550073FF0E /* Oasis */ = {
			isa = PBXNativeTarget;
			buildConfigurationList = 9EF341952BB9875A0073FF0E /* Build configuration list for PBXNativeTarget "Oasis" */;
			buildPhases = (
				BBA8FB60A139D17189CA3157 /* [CP] Check Pods Manifest.lock */,
				9EF341642BB987550073FF0E /* Sources */,
				9EF341652BB987550073FF0E /* Frameworks */,
				9EF341662BB987550073FF0E /* Resources */,
				CBB6940B268CC7DEAE750CC5 /* [CP] Embed Pods Frameworks */,
			);
			buildRules = (
			);
			dependencies = (
			);
			name = Oasis;
			productName = Oasis;
			productReference = 9EF341682BB987550073FF0E /* Oasis.app */;
			productType = "com.apple.product-type.application";
		};
		9EF341802BB987590073FF0E /* OasisTests */ = {
			isa = PBXNativeTarget;
			buildConfigurationList = 9EF341982BB9875A0073FF0E /* Build configuration list for PBXNativeTarget "OasisTests" */;
			buildPhases = (
				6C5DED7D17C7F51740C0BC0E /* [CP] Check Pods Manifest.lock */,
				9EF3417D2BB987590073FF0E /* Sources */,
				9EF3417E2BB987590073FF0E /* Frameworks */,
				9EF3417F2BB987590073FF0E /* Resources */,
			);
			buildRules = (
			);
			dependencies = (
				9EF341832BB987590073FF0E /* PBXTargetDependency */,
			);
			name = OasisTests;
			productName = OasisTests;
			productReference = 9EF341812BB987590073FF0E /* OasisTests.xctest */;
			productType = "com.apple.product-type.bundle.unit-test";
		};
		9EF3418A2BB9875A0073FF0E /* OasisUITests */ = {
			isa = PBXNativeTarget;
			buildConfigurationList = 9EF3419B2BB9875A0073FF0E /* Build configuration list for PBXNativeTarget "OasisUITests" */;
			buildPhases = (
				83DEF47BC0DFAA19899492EA /* [CP] Check Pods Manifest.lock */,
				9EF341872BB9875A0073FF0E /* Sources */,
				9EF341882BB9875A0073FF0E /* Frameworks */,
				9EF341892BB9875A0073FF0E /* Resources */,
				8E60F64B4C02DB34E1AFB486 /* [CP] Embed Pods Frameworks */,
			);
			buildRules = (
			);
			dependencies = (
				9EF3418D2BB9875A0073FF0E /* PBXTargetDependency */,
			);
			name = OasisUITests;
			productName = OasisUITests;
			productReference = 9EF3418B2BB9875A0073FF0E /* OasisUITests.xctest */;
			productType = "com.apple.product-type.bundle.ui-testing";
		};
/* End PBXNativeTarget section */

/* Begin PBXProject section */
		9EF341602BB987550073FF0E /* Project object */ = {
			isa = PBXProject;
			attributes = {
				BuildIndependentTargetsInParallel = 1;
				LastSwiftUpdateCheck = 1400;
				LastUpgradeCheck = 1400;
				TargetAttributes = {
					9EF341672BB987550073FF0E = {
						CreatedOnToolsVersion = 14.0.1;
					};
					9EF341802BB987590073FF0E = {
						CreatedOnToolsVersion = 14.0.1;
						TestTargetID = 9EF341672BB987550073FF0E;
					};
					9EF3418A2BB9875A0073FF0E = {
						CreatedOnToolsVersion = 14.0.1;
						TestTargetID = 9EF341672BB987550073FF0E;
					};
				};
			};
			buildConfigurationList = 9EF341632BB987550073FF0E /* Build configuration list for PBXProject "Oasis" */;
			compatibilityVersion = "Xcode 14.0";
			developmentRegion = en;
			hasScannedForEncodings = 0;
			knownRegions = (
				en,
				Base,
			);
			mainGroup = 9EF3415F2BB987550073FF0E;
			productRefGroup = 9EF341692BB987550073FF0E /* Products */;
			projectDirPath = "";
			projectRoot = "";
			targets = (
				9EF341672BB987550073FF0E /* Oasis */,
				9EF341802BB987590073FF0E /* OasisTests */,
				9EF3418A2BB9875A0073FF0E /* OasisUITests */,
			);
		};
/* End PBXProject section */

/* Begin PBXResourcesBuildPhase section */
		9EF341662BB987550073FF0E /* Resources */ = {
			isa = PBXResourcesBuildPhase;
			buildActionMask = 2147483647;
			files = (
				9EF3417B2BB987590073FF0E /* LaunchScreen.storyboard in Resources */,
				9EF341782BB987590073FF0E /* Assets.xcassets in Resources */,
				9EF341732BB987550073FF0E /* Main.storyboard in Resources */,
			);
			runOnlyForDeploymentPostprocessing = 0;
		};
		9EF3417F2BB987590073FF0E /* Resources */ = {
			isa = PBXResourcesBuildPhase;
			buildActionMask = 2147483647;
			files = (
			);
			runOnlyForDeploymentPostprocessing = 0;
		};
		9EF341892BB9875A0073FF0E /* Resources */ = {
			isa = PBXResourcesBuildPhase;
			buildActionMask = 2147483647;
			files = (
			);
			runOnlyForDeploymentPostprocessing = 0;
		};
/* End PBXResourcesBuildPhase section */

/* Begin PBXShellScriptBuildPhase section */
		6C5DED7D17C7F51740C0BC0E /* [CP] Check Pods Manifest.lock */ = {
			isa = PBXShellScriptBuildPhase;
			buildActionMask = 2147483647;
			files = (
			);
			inputFileListPaths = (
			);
			inputPaths = (
				"${PODS_PODFILE_DIR_PATH}/Podfile.lock",
				"${PODS_ROOT}/Manifest.lock",
			);
			name = "[CP] Check Pods Manifest.lock";
			outputFileListPaths = (
			);
			outputPaths = (
				"$(DERIVED_FILE_DIR)/Pods-OasisTests-checkManifestLockResult.txt",
			);
			runOnlyForDeploymentPostprocessing = 0;
			shellPath = /bin/sh;
			shellScript = "diff \"${PODS_PODFILE_DIR_PATH}/Podfile.lock\" \"${PODS_ROOT}/Manifest.lock\" > /dev/null\nif [ $? != 0 ] ; then\n    # print error to STDERR\n    echo \"error: The sandbox is not in sync with the Podfile.lock. Run 'pod install' or update your CocoaPods installation.\" >&2\n    exit 1\nfi\n# This output is used by Xcode 'outputs' to avoid re-running this script phase.\necho \"SUCCESS\" > \"${SCRIPT_OUTPUT_FILE_0}\"\n";
			showEnvVarsInLog = 0;
		};
		83DEF47BC0DFAA19899492EA /* [CP] Check Pods Manifest.lock */ = {
			isa = PBXShellScriptBuildPhase;
			buildActionMask = 2147483647;
			files = (
			);
			inputFileListPaths = (
			);
			inputPaths = (
				"${PODS_PODFILE_DIR_PATH}/Podfile.lock",
				"${PODS_ROOT}/Manifest.lock",
			);
			name = "[CP] Check Pods Manifest.lock";
			outputFileListPaths = (
			);
			outputPaths = (
				"$(DERIVED_FILE_DIR)/Pods-Oasis-OasisUITests-checkManifestLockResult.txt",
			);
			runOnlyForDeploymentPostprocessing = 0;
			shellPath = /bin/sh;
			shellScript = "diff \"${PODS_PODFILE_DIR_PATH}/Podfile.lock\" \"${PODS_ROOT}/Manifest.lock\" > /dev/null\nif [ $? != 0 ] ; then\n    # print error to STDERR\n    echo \"error: The sandbox is not in sync with the Podfile.lock. Run 'pod install' or update your CocoaPods installation.\" >&2\n    exit 1\nfi\n# This output is used by Xcode 'outputs' to avoid re-running this script phase.\necho \"SUCCESS\" > \"${SCRIPT_OUTPUT_FILE_0}\"\n";
			showEnvVarsInLog = 0;
		};
		8E60F64B4C02DB34E1AFB486 /* [CP] Embed Pods Frameworks */ = {
			isa = PBXShellScriptBuildPhase;
			buildActionMask = 2147483647;
			files = (
			);
			inputFileListPaths = (
				"${PODS_ROOT}/Target Support Files/Pods-Oasis-OasisUITests/Pods-Oasis-OasisUITests-frameworks-${CONFIGURATION}-input-files.xcfilelist",
			);
			name = "[CP] Embed Pods Frameworks";
			outputFileListPaths = (
				"${PODS_ROOT}/Target Support Files/Pods-Oasis-OasisUITests/Pods-Oasis-OasisUITests-frameworks-${CONFIGURATION}-output-files.xcfilelist",
			);
			runOnlyForDeploymentPostprocessing = 0;
			shellPath = /bin/sh;
			shellScript = "\"${PODS_ROOT}/Target Support Files/Pods-Oasis-OasisUITests/Pods-Oasis-OasisUITests-frameworks.sh\"\n";
			showEnvVarsInLog = 0;
		};
		BBA8FB60A139D17189CA3157 /* [CP] Check Pods Manifest.lock */ = {
			isa = PBXShellScriptBuildPhase;
			buildActionMask = 2147483647;
			files = (
			);
			inputFileListPaths = (
			);
			inputPaths = (
				"${PODS_PODFILE_DIR_PATH}/Podfile.lock",
				"${PODS_ROOT}/Manifest.lock",
			);
			name = "[CP] Check Pods Manifest.lock";
			outputFileListPaths = (
			);
			outputPaths = (
				"$(DERIVED_FILE_DIR)/Pods-Oasis-checkManifestLockResult.txt",
			);
			runOnlyForDeploymentPostprocessing = 0;
			shellPath = /bin/sh;
			shellScript = "diff \"${PODS_PODFILE_DIR_PATH}/Podfile.lock\" \"${PODS_ROOT}/Manifest.lock\" > /dev/null\nif [ $? != 0 ] ; then\n    # print error to STDERR\n    echo \"error: The sandbox is not in sync with the Podfile.lock. Run 'pod install' or update your CocoaPods installation.\" >&2\n    exit 1\nfi\n# This output is used by Xcode 'outputs' to avoid re-running this script phase.\necho \"SUCCESS\" > \"${SCRIPT_OUTPUT_FILE_0}\"\n";
			showEnvVarsInLog = 0;
		};
		CBB6940B268CC7DEAE750CC5 /* [CP] Embed Pods Frameworks */ = {
			isa = PBXShellScriptBuildPhase;
			buildActionMask = 2147483647;
			files = (
			);
			inputFileListPaths = (
				"${PODS_ROOT}/Target Support Files/Pods-Oasis/Pods-Oasis-frameworks-${CONFIGURATION}-input-files.xcfilelist",
			);
			name = "[CP] Embed Pods Frameworks";
			outputFileListPaths = (
				"${PODS_ROOT}/Target Support Files/Pods-Oasis/Pods-Oasis-frameworks-${CONFIGURATION}-output-files.xcfilelist",
			);
			runOnlyForDeploymentPostprocessing = 0;
			shellPath = /bin/sh;
			shellScript = "\"${PODS_ROOT}/Target Support Files/Pods-Oasis/Pods-Oasis-frameworks.sh\"\n";
			showEnvVarsInLog = 0;
		};
/* End PBXShellScriptBuildPhase section */

/* Begin PBXSourcesBuildPhase section */
		9EF341642BB987550073FF0E /* Sources */ = {
			isa = PBXSourcesBuildPhase;
			buildActionMask = 2147483647;
			files = (
				9EFF49262BBC1AA80071FFCF /* NetworkManager.swift in Sources */,
				9E2D966A2BBA71D6005EEC7D /* TabBarController.swift in Sources */,
				9EF341702BB987550073FF0E /* ViewController.swift in Sources */,
				9E2D96662BBA6D53005EEC7D /* MapViewController.swift in Sources */,
				9EFF492D2BBEF4260071FFCF /* DiaryListCollectionViewCell.swift in Sources */,
				9E2D96682BBA6EEC005EEC7D /* NewDiaryViewController.swift in Sources */,
				9E84DE272BC50D760096F98E /* DiaryListHeaderView.swift in Sources */,
				9EFF49282BBC435D0071FFCF /* WeatherResponse.swift in Sources */,
				9E38C30C2BBA9FAD00B1D875 /* LocationModel.swift in Sources */,
				9E84DE252BC44D7B0096F98E /* UserInfoCell.swift in Sources */,
				9EF341762BB987550073FF0E /* Oasis.xcdatamodeld in Sources */,
				9E378B682BBAD19F00FCD2AF /* LocationCell.swift in Sources */,
				9E2D96642BBA6B8C005EEC7D /* ProfileViewController.swift in Sources */,
				9EF3416C2BB987550073FF0E /* AppDelegate.swift in Sources */,
				9E84DE232BC42F560096F98E /* LocationTypeCell.swift in Sources */,
				9E378B6A2BBB1FA700FCD2AF /* FavoriteButton.swift in Sources */,
				9E84DE1D2BC2B41E0096F98E /* AppLayouts.swift in Sources */,
				9EAEB5462BC68B0600EA648C /* SelectionButton.swift in Sources */,
				9EFF49302BBEF4960071FFCF /* DiaryListModel.swift in Sources */,
				9EF3416E2BB987550073FF0E /* SceneDelegate.swift in Sources */,
				9E84DE212BC3EC4E0096F98E /* LocationType.swift in Sources */,
				9EAEB53D2BC5388B00EA648C /* DiaryListHeaderButton.swift in Sources */,
				9E84DE1F2BC3E93F0096F98E /* UIColor+ext.swift in Sources */,
			);
			runOnlyForDeploymentPostprocessing = 0;
		};
		9EF3417D2BB987590073FF0E /* Sources */ = {
			isa = PBXSourcesBuildPhase;
			buildActionMask = 2147483647;
			files = (
				9EF341862BB987590073FF0E /* OasisTests.swift in Sources */,
			);
			runOnlyForDeploymentPostprocessing = 0;
		};
		9EF341872BB9875A0073FF0E /* Sources */ = {
			isa = PBXSourcesBuildPhase;
			buildActionMask = 2147483647;
			files = (
				9EF341922BB9875A0073FF0E /* OasisUITestsLaunchTests.swift in Sources */,
				9EF341902BB9875A0073FF0E /* OasisUITests.swift in Sources */,
			);
			runOnlyForDeploymentPostprocessing = 0;
		};
/* End PBXSourcesBuildPhase section */

/* Begin PBXTargetDependency section */
		9EF341832BB987590073FF0E /* PBXTargetDependency */ = {
			isa = PBXTargetDependency;
			target = 9EF341672BB987550073FF0E /* Oasis */;
			targetProxy = 9EF341822BB987590073FF0E /* PBXContainerItemProxy */;
		};
		9EF3418D2BB9875A0073FF0E /* PBXTargetDependency */ = {
			isa = PBXTargetDependency;
			target = 9EF341672BB987550073FF0E /* Oasis */;
			targetProxy = 9EF3418C2BB9875A0073FF0E /* PBXContainerItemProxy */;
		};
/* End PBXTargetDependency section */

/* Begin PBXVariantGroup section */
		9EF341712BB987550073FF0E /* Main.storyboard */ = {
			isa = PBXVariantGroup;
			children = (
				9EF341722BB987550073FF0E /* Base */,
			);
			name = Main.storyboard;
			sourceTree = "<group>";
		};
		9EF341792BB987590073FF0E /* LaunchScreen.storyboard */ = {
			isa = PBXVariantGroup;
			children = (
				9EF3417A2BB987590073FF0E /* Base */,
			);
			name = LaunchScreen.storyboard;
			sourceTree = "<group>";
		};
/* End PBXVariantGroup section */

/* Begin XCBuildConfiguration section */
		9EF341932BB9875A0073FF0E /* Debug */ = {
			isa = XCBuildConfiguration;
			buildSettings = {
				ALWAYS_SEARCH_USER_PATHS = NO;
				CLANG_ANALYZER_NONNULL = YES;
				CLANG_ANALYZER_NUMBER_OBJECT_CONVERSION = YES_AGGRESSIVE;
				CLANG_CXX_LANGUAGE_STANDARD = "gnu++20";
				CLANG_ENABLE_MODULES = YES;
				CLANG_ENABLE_OBJC_ARC = YES;
				CLANG_ENABLE_OBJC_WEAK = YES;
				CLANG_WARN_BLOCK_CAPTURE_AUTORELEASING = YES;
				CLANG_WARN_BOOL_CONVERSION = YES;
				CLANG_WARN_COMMA = YES;
				CLANG_WARN_CONSTANT_CONVERSION = YES;
				CLANG_WARN_DEPRECATED_OBJC_IMPLEMENTATIONS = YES;
				CLANG_WARN_DIRECT_OBJC_ISA_USAGE = YES_ERROR;
				CLANG_WARN_DOCUMENTATION_COMMENTS = YES;
				CLANG_WARN_EMPTY_BODY = YES;
				CLANG_WARN_ENUM_CONVERSION = YES;
				CLANG_WARN_INFINITE_RECURSION = YES;
				CLANG_WARN_INT_CONVERSION = YES;
				CLANG_WARN_NON_LITERAL_NULL_CONVERSION = YES;
				CLANG_WARN_OBJC_IMPLICIT_RETAIN_SELF = YES;
				CLANG_WARN_OBJC_LITERAL_CONVERSION = YES;
				CLANG_WARN_OBJC_ROOT_CLASS = YES_ERROR;
				CLANG_WARN_QUOTED_INCLUDE_IN_FRAMEWORK_HEADER = YES;
				CLANG_WARN_RANGE_LOOP_ANALYSIS = YES;
				CLANG_WARN_STRICT_PROTOTYPES = YES;
				CLANG_WARN_SUSPICIOUS_MOVE = YES;
				CLANG_WARN_UNGUARDED_AVAILABILITY = YES_AGGRESSIVE;
				CLANG_WARN_UNREACHABLE_CODE = YES;
				CLANG_WARN__DUPLICATE_METHOD_MATCH = YES;
				COPY_PHASE_STRIP = NO;
				DEBUG_INFORMATION_FORMAT = dwarf;
				ENABLE_STRICT_OBJC_MSGSEND = YES;
				ENABLE_TESTABILITY = YES;
				GCC_C_LANGUAGE_STANDARD = gnu11;
				GCC_DYNAMIC_NO_PIC = NO;
				GCC_NO_COMMON_BLOCKS = YES;
				GCC_OPTIMIZATION_LEVEL = 0;
				GCC_PREPROCESSOR_DEFINITIONS = (
					"DEBUG=1",
					"$(inherited)",
				);
				GCC_WARN_64_TO_32_BIT_CONVERSION = YES;
				GCC_WARN_ABOUT_RETURN_TYPE = YES_ERROR;
				GCC_WARN_UNDECLARED_SELECTOR = YES;
				GCC_WARN_UNINITIALIZED_AUTOS = YES_AGGRESSIVE;
				GCC_WARN_UNUSED_FUNCTION = YES;
				GCC_WARN_UNUSED_VARIABLE = YES;
				IPHONEOS_DEPLOYMENT_TARGET = 16.0;
				MTL_ENABLE_DEBUG_INFO = INCLUDE_SOURCE;
				MTL_FAST_MATH = YES;
				ONLY_ACTIVE_ARCH = YES;
				SDKROOT = iphoneos;
				SWIFT_ACTIVE_COMPILATION_CONDITIONS = DEBUG;
				SWIFT_OPTIMIZATION_LEVEL = "-Onone";
			};
			name = Debug;
		};
		9EF341942BB9875A0073FF0E /* Release */ = {
			isa = XCBuildConfiguration;
			buildSettings = {
				ALWAYS_SEARCH_USER_PATHS = NO;
				CLANG_ANALYZER_NONNULL = YES;
				CLANG_ANALYZER_NUMBER_OBJECT_CONVERSION = YES_AGGRESSIVE;
				CLANG_CXX_LANGUAGE_STANDARD = "gnu++20";
				CLANG_ENABLE_MODULES = YES;
				CLANG_ENABLE_OBJC_ARC = YES;
				CLANG_ENABLE_OBJC_WEAK = YES;
				CLANG_WARN_BLOCK_CAPTURE_AUTORELEASING = YES;
				CLANG_WARN_BOOL_CONVERSION = YES;
				CLANG_WARN_COMMA = YES;
				CLANG_WARN_CONSTANT_CONVERSION = YES;
				CLANG_WARN_DEPRECATED_OBJC_IMPLEMENTATIONS = YES;
				CLANG_WARN_DIRECT_OBJC_ISA_USAGE = YES_ERROR;
				CLANG_WARN_DOCUMENTATION_COMMENTS = YES;
				CLANG_WARN_EMPTY_BODY = YES;
				CLANG_WARN_ENUM_CONVERSION = YES;
				CLANG_WARN_INFINITE_RECURSION = YES;
				CLANG_WARN_INT_CONVERSION = YES;
				CLANG_WARN_NON_LITERAL_NULL_CONVERSION = YES;
				CLANG_WARN_OBJC_IMPLICIT_RETAIN_SELF = YES;
				CLANG_WARN_OBJC_LITERAL_CONVERSION = YES;
				CLANG_WARN_OBJC_ROOT_CLASS = YES_ERROR;
				CLANG_WARN_QUOTED_INCLUDE_IN_FRAMEWORK_HEADER = YES;
				CLANG_WARN_RANGE_LOOP_ANALYSIS = YES;
				CLANG_WARN_STRICT_PROTOTYPES = YES;
				CLANG_WARN_SUSPICIOUS_MOVE = YES;
				CLANG_WARN_UNGUARDED_AVAILABILITY = YES_AGGRESSIVE;
				CLANG_WARN_UNREACHABLE_CODE = YES;
				CLANG_WARN__DUPLICATE_METHOD_MATCH = YES;
				COPY_PHASE_STRIP = NO;
				DEBUG_INFORMATION_FORMAT = "dwarf-with-dsym";
				ENABLE_NS_ASSERTIONS = NO;
				ENABLE_STRICT_OBJC_MSGSEND = YES;
				GCC_C_LANGUAGE_STANDARD = gnu11;
				GCC_NO_COMMON_BLOCKS = YES;
				GCC_WARN_64_TO_32_BIT_CONVERSION = YES;
				GCC_WARN_ABOUT_RETURN_TYPE = YES_ERROR;
				GCC_WARN_UNDECLARED_SELECTOR = YES;
				GCC_WARN_UNINITIALIZED_AUTOS = YES_AGGRESSIVE;
				GCC_WARN_UNUSED_FUNCTION = YES;
				GCC_WARN_UNUSED_VARIABLE = YES;
				IPHONEOS_DEPLOYMENT_TARGET = 16.0;
				MTL_ENABLE_DEBUG_INFO = NO;
				MTL_FAST_MATH = YES;
				SDKROOT = iphoneos;
				SWIFT_COMPILATION_MODE = wholemodule;
				SWIFT_OPTIMIZATION_LEVEL = "-O";
				VALIDATE_PRODUCT = YES;
			};
			name = Release;
		};
		9EF341962BB9875A0073FF0E /* Debug */ = {
			isa = XCBuildConfiguration;
			baseConfigurationReference = C82E5AA6D67204C42E7C52E4 /* Pods-Oasis.debug.xcconfig */;
			buildSettings = {
				ASSETCATALOG_COMPILER_APPICON_NAME = AppIcon;
				ASSETCATALOG_COMPILER_GLOBAL_ACCENT_COLOR_NAME = AccentColor;
				CODE_SIGN_STYLE = Automatic;
				CURRENT_PROJECT_VERSION = 1;
				DEVELOPMENT_TEAM = H684NQZS4N;
				GENERATE_INFOPLIST_FILE = YES;
				INFOPLIST_FILE = Oasis/Info.plist;
				INFOPLIST_KEY_UIApplicationSupportsIndirectInputEvents = YES;
				INFOPLIST_KEY_UILaunchStoryboardName = LaunchScreen;
				INFOPLIST_KEY_UIMainStoryboardFile = Main;
				INFOPLIST_KEY_UISupportedInterfaceOrientations_iPad = "UIInterfaceOrientationPortrait UIInterfaceOrientationPortraitUpsideDown UIInterfaceOrientationLandscapeLeft UIInterfaceOrientationLandscapeRight";
				INFOPLIST_KEY_UISupportedInterfaceOrientations_iPhone = "UIInterfaceOrientationPortrait UIInterfaceOrientationLandscapeLeft UIInterfaceOrientationLandscapeRight";
				LD_RUNPATH_SEARCH_PATHS = (
					"$(inherited)",
					"@executable_path/Frameworks",
				);
				MARKETING_VERSION = 1.0;
				PRODUCT_BUNDLE_IDENTIFIER = com.joanna.Oasis;
				PRODUCT_NAME = "$(TARGET_NAME)";
				SWIFT_EMIT_LOC_STRINGS = YES;
				SWIFT_VERSION = 5.0;
				TARGETED_DEVICE_FAMILY = "1,2";
			};
			name = Debug;
		};
		9EF341972BB9875A0073FF0E /* Release */ = {
			isa = XCBuildConfiguration;
			baseConfigurationReference = 5EFEAC6EF2247440BA278425 /* Pods-Oasis.release.xcconfig */;
			buildSettings = {
				ASSETCATALOG_COMPILER_APPICON_NAME = AppIcon;
				ASSETCATALOG_COMPILER_GLOBAL_ACCENT_COLOR_NAME = AccentColor;
				CODE_SIGN_STYLE = Automatic;
				CURRENT_PROJECT_VERSION = 1;
				DEVELOPMENT_TEAM = H684NQZS4N;
				GENERATE_INFOPLIST_FILE = YES;
				INFOPLIST_FILE = Oasis/Info.plist;
				INFOPLIST_KEY_UIApplicationSupportsIndirectInputEvents = YES;
				INFOPLIST_KEY_UILaunchStoryboardName = LaunchScreen;
				INFOPLIST_KEY_UIMainStoryboardFile = Main;
				INFOPLIST_KEY_UISupportedInterfaceOrientations_iPad = "UIInterfaceOrientationPortrait UIInterfaceOrientationPortraitUpsideDown UIInterfaceOrientationLandscapeLeft UIInterfaceOrientationLandscapeRight";
				INFOPLIST_KEY_UISupportedInterfaceOrientations_iPhone = "UIInterfaceOrientationPortrait UIInterfaceOrientationLandscapeLeft UIInterfaceOrientationLandscapeRight";
				LD_RUNPATH_SEARCH_PATHS = (
					"$(inherited)",
					"@executable_path/Frameworks",
				);
				MARKETING_VERSION = 1.0;
				PRODUCT_BUNDLE_IDENTIFIER = com.joanna.Oasis;
				PRODUCT_NAME = "$(TARGET_NAME)";
				SWIFT_EMIT_LOC_STRINGS = YES;
				SWIFT_VERSION = 5.0;
				TARGETED_DEVICE_FAMILY = "1,2";
			};
			name = Release;
		};
		9EF341992BB9875A0073FF0E /* Debug */ = {
			isa = XCBuildConfiguration;
			baseConfigurationReference = 94A6FAB871DD8F149A8CC8DC /* Pods-OasisTests.debug.xcconfig */;
			buildSettings = {
				ALWAYS_EMBED_SWIFT_STANDARD_LIBRARIES = YES;
				BUNDLE_LOADER = "$(TEST_HOST)";
				CODE_SIGN_STYLE = Automatic;
				CURRENT_PROJECT_VERSION = 1;
				DEVELOPMENT_TEAM = H684NQZS4N;
				GENERATE_INFOPLIST_FILE = YES;
				IPHONEOS_DEPLOYMENT_TARGET = 16.0;
				MARKETING_VERSION = 1.0;
				PRODUCT_BUNDLE_IDENTIFIER = com.joanna.OasisTests;
				PRODUCT_NAME = "$(TARGET_NAME)";
				SWIFT_EMIT_LOC_STRINGS = NO;
				SWIFT_VERSION = 5.0;
				TARGETED_DEVICE_FAMILY = "1,2";
				TEST_HOST = "$(BUILT_PRODUCTS_DIR)/Oasis.app/$(BUNDLE_EXECUTABLE_FOLDER_PATH)/Oasis";
			};
			name = Debug;
		};
		9EF3419A2BB9875A0073FF0E /* Release */ = {
			isa = XCBuildConfiguration;
			baseConfigurationReference = EA6ACC6F775D3D1B1B7543FF /* Pods-OasisTests.release.xcconfig */;
			buildSettings = {
				ALWAYS_EMBED_SWIFT_STANDARD_LIBRARIES = YES;
				BUNDLE_LOADER = "$(TEST_HOST)";
				CODE_SIGN_STYLE = Automatic;
				CURRENT_PROJECT_VERSION = 1;
				DEVELOPMENT_TEAM = H684NQZS4N;
				GENERATE_INFOPLIST_FILE = YES;
				IPHONEOS_DEPLOYMENT_TARGET = 16.0;
				MARKETING_VERSION = 1.0;
				PRODUCT_BUNDLE_IDENTIFIER = com.joanna.OasisTests;
				PRODUCT_NAME = "$(TARGET_NAME)";
				SWIFT_EMIT_LOC_STRINGS = NO;
				SWIFT_VERSION = 5.0;
				TARGETED_DEVICE_FAMILY = "1,2";
				TEST_HOST = "$(BUILT_PRODUCTS_DIR)/Oasis.app/$(BUNDLE_EXECUTABLE_FOLDER_PATH)/Oasis";
			};
			name = Release;
		};
		9EF3419C2BB9875A0073FF0E /* Debug */ = {
			isa = XCBuildConfiguration;
			baseConfigurationReference = 6585FFD96347FAE97D017FEE /* Pods-Oasis-OasisUITests.debug.xcconfig */;
			buildSettings = {
				ALWAYS_EMBED_SWIFT_STANDARD_LIBRARIES = YES;
				CODE_SIGN_STYLE = Automatic;
				CURRENT_PROJECT_VERSION = 1;
				DEVELOPMENT_TEAM = H684NQZS4N;
				GENERATE_INFOPLIST_FILE = YES;
				MARKETING_VERSION = 1.0;
				PRODUCT_BUNDLE_IDENTIFIER = com.joanna.OasisUITests;
				PRODUCT_NAME = "$(TARGET_NAME)";
				SWIFT_EMIT_LOC_STRINGS = NO;
				SWIFT_VERSION = 5.0;
				TARGETED_DEVICE_FAMILY = "1,2";
				TEST_TARGET_NAME = Oasis;
			};
			name = Debug;
		};
		9EF3419D2BB9875A0073FF0E /* Release */ = {
			isa = XCBuildConfiguration;
			baseConfigurationReference = 069990DCF9CA4D82A8A67D51 /* Pods-Oasis-OasisUITests.release.xcconfig */;
			buildSettings = {
				ALWAYS_EMBED_SWIFT_STANDARD_LIBRARIES = YES;
				CODE_SIGN_STYLE = Automatic;
				CURRENT_PROJECT_VERSION = 1;
				DEVELOPMENT_TEAM = H684NQZS4N;
				GENERATE_INFOPLIST_FILE = YES;
				MARKETING_VERSION = 1.0;
				PRODUCT_BUNDLE_IDENTIFIER = com.joanna.OasisUITests;
				PRODUCT_NAME = "$(TARGET_NAME)";
				SWIFT_EMIT_LOC_STRINGS = NO;
				SWIFT_VERSION = 5.0;
				TARGETED_DEVICE_FAMILY = "1,2";
				TEST_TARGET_NAME = Oasis;
			};
			name = Release;
		};
/* End XCBuildConfiguration section */

/* Begin XCConfigurationList section */
		9EF341632BB987550073FF0E /* Build configuration list for PBXProject "Oasis" */ = {
			isa = XCConfigurationList;
			buildConfigurations = (
				9EF341932BB9875A0073FF0E /* Debug */,
				9EF341942BB9875A0073FF0E /* Release */,
			);
			defaultConfigurationIsVisible = 0;
			defaultConfigurationName = Release;
		};
		9EF341952BB9875A0073FF0E /* Build configuration list for PBXNativeTarget "Oasis" */ = {
			isa = XCConfigurationList;
			buildConfigurations = (
				9EF341962BB9875A0073FF0E /* Debug */,
				9EF341972BB9875A0073FF0E /* Release */,
			);
			defaultConfigurationIsVisible = 0;
			defaultConfigurationName = Release;
		};
		9EF341982BB9875A0073FF0E /* Build configuration list for PBXNativeTarget "OasisTests" */ = {
			isa = XCConfigurationList;
			buildConfigurations = (
				9EF341992BB9875A0073FF0E /* Debug */,
				9EF3419A2BB9875A0073FF0E /* Release */,
			);
			defaultConfigurationIsVisible = 0;
			defaultConfigurationName = Release;
		};
		9EF3419B2BB9875A0073FF0E /* Build configuration list for PBXNativeTarget "OasisUITests" */ = {
			isa = XCConfigurationList;
			buildConfigurations = (
				9EF3419C2BB9875A0073FF0E /* Debug */,
				9EF3419D2BB9875A0073FF0E /* Release */,
			);
			defaultConfigurationIsVisible = 0;
			defaultConfigurationName = Release;
		};
/* End XCConfigurationList section */

/* Begin XCVersionGroup section */
		9EF341742BB987550073FF0E /* Oasis.xcdatamodeld */ = {
			isa = XCVersionGroup;
			children = (
				9EF341752BB987550073FF0E /* Oasis.xcdatamodel */,
			);
			currentVersion = 9EF341752BB987550073FF0E /* Oasis.xcdatamodel */;
			path = Oasis.xcdatamodeld;
			sourceTree = "<group>";
			versionGroupType = wrapper.xcdatamodel;
		};
/* End XCVersionGroup section */
	};
	rootObject = 9EF341602BB987550073FF0E /* Project object */;
}
